
Microsoft Visual Studio Solution File, Format Version 12.00
# Visual Studio Version 17
VisualStudioVersion = 17.7.34031.279
MinimumVisualStudioVersion = 10.0.40219.1
Project("{FAE04EC0-301F-11D3-BF4B-00C04F79EFBC}") = "MaquinaCafe", "MaquinaCafe\MaquinaCafe.csproj", "{5071BB3C-DABE-4E74-AC48-96FD86986C6C}"
EndProject
Global
	GlobalSection(SolutionConfigurationPlatforms) = preSolution
		Debug|Any CPU = Debug|Any CPU
		Release|Any CPU = Release|Any CPU
	EndGlobalSection
	GlobalSection(ProjectConfigurationPlatforms) = postSolution
		{5071BB3C-DABE-4E74-AC48-96FD86986C6C}.Debug|Any CPU.ActiveCfg = Debug|Any CPU
		{5071BB3C-DABE-4E74-AC48-96FD86986C6C}.Debug|Any CPU.Build.0 = Debug|Any CPU
		{5071BB3C-DABE-4E74-AC48-96FD86986C6C}.Release|Any CPU.ActiveCfg = Release|Any CPU
		{5071BB3C-DABE-4E74-AC48-96FD86986C6C}.Release|Any CPU.Build.0 = Release|Any CPU
	EndGlobalSection
	GlobalSection(SolutionProperties) = preSolution
		HideSolutionNode = FALSE
	EndGlobalSection
	GlobalSection(ExtensibilityGlobals) = postSolution
		SolutionGuid = {7AC2C362-ACA1-4FAA-8421-5C98A048955E}
	EndGlobalSection
EndGlobal
